
Microsoft Visual Studio Solution File, Format Version 12.00
# Visual Studio Version 16
VisualStudioVersion = 16.0.29201.188
MinimumVisualStudioVersion = 10.0.40219.1
Project("{8BC9CEB8-8B4A-11D0-8D11-00A0C91BC942}") = "MyList", "CtCICpp\CtCICpp.vcxproj", "{A2590176-B22A-4E28-A63C-3713228DA129}"
EndProject
Project("{8BC9CEB8-8B4A-11D0-8D11-00A0C91BC942}") = "MyTree", "MyTree\MyTree.vcxproj", "{1ED1DC2E-87E1-4181-929A-96E628A6DFAE}"
EndProject
Global
	GlobalSection(SolutionConfigurationPlatforms) = preSolution
		Debug|x64 = Debug|x64
		Debug|x86 = Debug|x86
		Release|x64 = Release|x64
		Release|x86 = Release|x86
	EndGlobalSection
	GlobalSection(ProjectConfigurationPlatforms) = postSolution
		{A2590176-B22A-4E28-A63C-3713228DA129}.Debug|x64.ActiveCfg = Debug|x64
		{A2590176-B22A-4E28-A63C-3713228DA129}.Debug|x64.Build.0 = Debug|x64
		{A2590176-B22A-4E28-A63C-3713228DA129}.Debug|x86.ActiveCfg = Debug|Win32
		{A2590176-B22A-4E28-A63C-3713228DA129}.Debug|x86.Build.0 = Debug|Win32
		{A2590176-B22A-4E28-A63C-3713228DA129}.Release|x64.ActiveCfg = Release|x64
		{A2590176-B22A-4E28-A63C-3713228DA129}.Release|x64.Build.0 = Release|x64
		{A2590176-B22A-4E28-A63C-3713228DA129}.Release|x86.ActiveCfg = Release|Win32
		{A2590176-B22A-4E28-A63C-3713228DA129}.Release|x86.Build.0 = Release|Win32
		{1ED1DC2E-87E1-4181-929A-96E628A6DFAE}.Debug|x64.ActiveCfg = Debug|x64
		{1ED1DC2E-87E1-4181-929A-96E628A6DFAE}.Debug|x64.Build.0 = Debug|x64
		{1ED1DC2E-87E1-4181-929A-96E628A6DFAE}.Debug|x86.ActiveCfg = Debug|Win32
		{1ED1DC2E-87E1-4181-929A-96E628A6DFAE}.Debug|x86.Build.0 = Debug|Win32
		{1ED1DC2E-87E1-4181-929A-96E628A6DFAE}.Release|x64.ActiveCfg = Release|x64
		{1ED1DC2E-87E1-4181-929A-96E628A6DFAE}.Release|x64.Build.0 = Release|x64
		{1ED1DC2E-87E1-4181-929A-96E628A6DFAE}.Release|x86.ActiveCfg = Release|Win32
		{1ED1DC2E-87E1-4181-929A-96E628A6DFAE}.Release|x86.Build.0 = Release|Win32
	EndGlobalSection
	GlobalSection(SolutionProperties) = preSolution
		HideSolutionNode = FALSE
	EndGlobalSection
	GlobalSection(ExtensibilityGlobals) = postSolution
		SolutionGuid = {840540C3-7143-4BB2-A7FA-ADE2F083073D}
	EndGlobalSection
EndGlobal
